
Microsoft Visual Studio Solution File, Format Version 12.00
# Visual Studio Version 17
VisualStudioVersion = 17.0.31903.59
MinimumVisualStudioVersion = 10.0.40219.1
Project("{FAE04EC0-301F-11D3-BF4B-00C04F79EFBC}") = "QueueInterface", "QueueInterface\QueueInterface.csproj", "{8211B0F6-B899-4620-A982-B710A1789458}"
EndProject
Global
	GlobalSection(SolutionConfigurationPlatforms) = preSolution
		Debug|Any CPU = Debug|Any CPU
		Release|Any CPU = Release|Any CPU
	EndGlobalSection
	GlobalSection(ProjectConfigurationPlatforms) = postSolution
		{8211B0F6-B899-4620-A982-B710A1789458}.Debug|Any CPU.ActiveCfg = Debug|Any CPU
		{8211B0F6-B899-4620-A982-B710A1789458}.Debug|Any CPU.Build.0 = Debug|Any CPU
		{8211B0F6-B899-4620-A982-B710A1789458}.Release|Any CPU.ActiveCfg = Release|Any CPU
		{8211B0F6-B899-4620-A982-B710A1789458}.Release|Any CPU.Build.0 = Release|Any CPU
	EndGlobalSection
	GlobalSection(SolutionProperties) = preSolution
		HideSolutionNode = FALSE
	EndGlobalSection
	GlobalSection(ExtensibilityGlobals) = postSolution
		SolutionGuid = {2F217DFC-40D5-4D07-A7BA-E7C5D2387863}
	EndGlobalSection
EndGlobal
